
Microsoft Visual Studio Solution File, Format Version 12.00
# Visual Studio Version 16
VisualStudioVersion = 16.0.29926.136
MinimumVisualStudioVersion = 10.0.40219.1
Project("{9A19103F-16F7-4668-BE54-9A1E7A4F7556}") = "XamExecuteAndWait", "XamExecuteAndWait\XamExecuteAndWait.csproj", "{B3845618-7EFA-4209-B6D2-4F69C4D42BEE}"
EndProject
Project("{FAE04EC0-301F-11D3-BF4B-00C04F79EFBC}") = "Sample", "Sample\Sample\Sample.csproj", "{877A6BAA-42E1-47C0-BB67-44A3122F9968}"
EndProject
Project("{FAE04EC0-301F-11D3-BF4B-00C04F79EFBC}") = "Sample.Android", "Sample\Sample.Android\Sample.Android.csproj", "{21533725-660E-4187-8B5B-4FF378796A18}"
EndProject
Project("{FAE04EC0-301F-11D3-BF4B-00C04F79EFBC}") = "Sample.iOS", "Sample\Sample.iOS\Sample.iOS.csproj", "{EE1929A5-E10A-472D-AA69-F65EB6296509}"
EndProject
Global
	GlobalSection(SolutionConfigurationPlatforms) = preSolution
		Ad-Hoc|Any CPU = Ad-Hoc|Any CPU
		Ad-Hoc|iPhone = Ad-Hoc|iPhone
		Ad-Hoc|iPhoneSimulator = Ad-Hoc|iPhoneSimulator
		AppStore|Any CPU = AppStore|Any CPU
		AppStore|iPhone = AppStore|iPhone
		AppStore|iPhoneSimulator = AppStore|iPhoneSimulator
		Debug|Any CPU = Debug|Any CPU
		Debug|iPhone = Debug|iPhone
		Debug|iPhoneSimulator = Debug|iPhoneSimulator
		Release|Any CPU = Release|Any CPU
		Release|iPhone = Release|iPhone
		Release|iPhoneSimulator = Release|iPhoneSimulator
	EndGlobalSection
	GlobalSection(ProjectConfigurationPlatforms) = postSolution
		{B3845618-7EFA-4209-B6D2-4F69C4D42BEE}.Ad-Hoc|Any CPU.ActiveCfg = Release|Any CPU
		{B3845618-7EFA-4209-B6D2-4F69C4D42BEE}.Ad-Hoc|Any CPU.Build.0 = Release|Any CPU
		{B3845618-7EFA-4209-B6D2-4F69C4D42BEE}.Ad-Hoc|iPhone.ActiveCfg = Release|Any CPU
		{B3845618-7EFA-4209-B6D2-4F69C4D42BEE}.Ad-Hoc|iPhone.Build.0 = Release|Any CPU
		{B3845618-7EFA-4209-B6D2-4F69C4D42BEE}.Ad-Hoc|iPhoneSimulator.ActiveCfg = Release|Any CPU
		{B3845618-7EFA-4209-B6D2-4F69C4D42BEE}.Ad-Hoc|iPhoneSimulator.Build.0 = Release|Any CPU
		{B3845618-7EFA-4209-B6D2-4F69C4D42BEE}.AppStore|Any CPU.ActiveCfg = Release|Any CPU
		{B3845618-7EFA-4209-B6D2-4F69C4D42BEE}.AppStore|Any CPU.Build.0 = Release|Any CPU
		{B3845618-7EFA-4209-B6D2-4F69C4D42BEE}.AppStore|iPhone.ActiveCfg = Release|Any CPU
		{B3845618-7EFA-4209-B6D2-4F69C4D42BEE}.AppStore|iPhone.Build.0 = Release|Any CPU
		{B3845618-7EFA-4209-B6D2-4F69C4D42BEE}.AppStore|iPhoneSimulator.ActiveCfg = Release|Any CPU
		{B3845618-7EFA-4209-B6D2-4F69C4D42BEE}.AppStore|iPhoneSimulator.Build.0 = Release|Any CPU
		{B3845618-7EFA-4209-B6D2-4F69C4D42BEE}.Debug|Any CPU.ActiveCfg = Debug|Any CPU
		{B3845618-7EFA-4209-B6D2-4F69C4D42BEE}.Debug|Any CPU.Build.0 = Debug|Any CPU
		{B3845618-7EFA-4209-B6D2-4F69C4D42BEE}.Debug|iPhone.ActiveCfg = Debug|Any CPU
		{B3845618-7EFA-4209-B6D2-4F69C4D42BEE}.Debug|iPhone.Build.0 = Debug|Any CPU
		{B3845618-7EFA-4209-B6D2-4F69C4D42BEE}.Debug|iPhoneSimulator.ActiveCfg = Debug|Any CPU
		{B3845618-7EFA-4209-B6D2-4F69C4D42BEE}.Debug|iPhoneSimulator.Build.0 = Debug|Any CPU
		{B3845618-7EFA-4209-B6D2-4F69C4D42BEE}.Release|Any CPU.ActiveCfg = Release|Any CPU
		{B3845618-7EFA-4209-B6D2-4F69C4D42BEE}.Release|Any CPU.Build.0 = Release|Any CPU
		{B3845618-7EFA-4209-B6D2-4F69C4D42BEE}.Release|iPhone.ActiveCfg = Release|Any CPU
		{B3845618-7EFA-4209-B6D2-4F69C4D42BEE}.Release|iPhone.Build.0 = Release|Any CPU
		{B3845618-7EFA-4209-B6D2-4F69C4D42BEE}.Release|iPhoneSimulator.ActiveCfg = Release|Any CPU
		{B3845618-7EFA-4209-B6D2-4F69C4D42BEE}.Release|iPhoneSimulator.Build.0 = Release|Any CPU
		{877A6BAA-42E1-47C0-BB67-44A3122F9968}.Ad-Hoc|Any CPU.ActiveCfg = Debug|Any CPU
		{877A6BAA-42E1-47C0-BB67-44A3122F9968}.Ad-Hoc|Any CPU.Build.0 = Debug|Any CPU
		{877A6BAA-42E1-47C0-BB67-44A3122F9968}.Ad-Hoc|iPhone.ActiveCfg = Debug|Any CPU
		{877A6BAA-42E1-47C0-BB67-44A3122F9968}.Ad-Hoc|iPhone.Build.0 = Debug|Any CPU
		{877A6BAA-42E1-47C0-BB67-44A3122F9968}.Ad-Hoc|iPhoneSimulator.ActiveCfg = Debug|Any CPU
		{877A6BAA-42E1-47C0-BB67-44A3122F9968}.Ad-Hoc|iPhoneSimulator.Build.0 = Debug|Any CPU
		{877A6BAA-42E1-47C0-BB67-44A3122F9968}.AppStore|Any CPU.ActiveCfg = Debug|Any CPU
		{877A6BAA-42E1-47C0-BB67-44A3122F9968}.AppStore|Any CPU.Build.0 = Debug|Any CPU
		{877A6BAA-42E1-47C0-BB67-44A3122F9968}.AppStore|iPhone.ActiveCfg = Debug|Any CPU
		{877A6BAA-42E1-47C0-BB67-44A3122F9968}.AppStore|iPhone.Build.0 = Debug|Any CPU
		{877A6BAA-42E1-47C0-BB67-44A3122F9968}.AppStore|iPhoneSimulator.ActiveCfg = Debug|Any CPU
		{877A6BAA-42E1-47C0-BB67-44A3122F9968}.AppStore|iPhoneSimulator.Build.0 = Debug|Any CPU
		{877A6BAA-42E1-47C0-BB67-44A3122F9968}.Debug|Any CPU.ActiveCfg = Debug|Any CPU
		{877A6BAA-42E1-47C0-BB67-44A3122F9968}.Debug|Any CPU.Build.0 = Debug|Any CPU
		{877A6BAA-42E1-47C0-BB67-44A3122F9968}.Debug|iPhone.ActiveCfg = Debug|Any CPU
		{877A6BAA-42E1-47C0-BB67-44A3122F9968}.Debug|iPhone.Build.0 = Debug|Any CPU
		{877A6BAA-42E1-47C0-BB67-44A3122F9968}.Debug|iPhoneSimulator.ActiveCfg = Debug|Any CPU
		{877A6BAA-42E1-47C0-BB67-44A3122F9968}.Debug|iPhoneSimulator.Build.0 = Debug|Any CPU
		{877A6BAA-42E1-47C0-BB67-44A3122F9968}.Release|Any CPU.ActiveCfg = Release|Any CPU
		{877A6BAA-42E1-47C0-BB67-44A3122F9968}.Release|Any CPU.Build.0 = Release|Any CPU
		{877A6BAA-42E1-47C0-BB67-44A3122F9968}.Release|iPhone.ActiveCfg = Release|Any CPU
		{877A6BAA-42E1-47C0-BB67-44A3122F9968}.Release|iPhone.Build.0 = Release|Any CPU
		{877A6BAA-42E1-47C0-BB67-44A3122F9968}.Release|iPhoneSimulator.ActiveCfg = Release|Any CPU
		{877A6BAA-42E1-47C0-BB67-44A3122F9968}.Release|iPhoneSimulator.Build.0 = Release|Any CPU
		{21533725-660E-4187-8B5B-4FF378796A18}.Ad-Hoc|Any CPU.ActiveCfg = Release|Any CPU
		{21533725-660E-4187-8B5B-4FF378796A18}.Ad-Hoc|Any CPU.Build.0 = Release|Any CPU
		{21533725-660E-4187-8B5B-4FF378796A18}.Ad-Hoc|Any CPU.Deploy.0 = Release|Any CPU
		{21533725-660E-4187-8B5B-4FF378796A18}.Ad-Hoc|iPhone.ActiveCfg = Release|Any CPU
		{21533725-660E-4187-8B5B-4FF378796A18}.Ad-Hoc|iPhone.Build.0 = Release|Any CPU
		{21533725-660E-4187-8B5B-4FF378796A18}.Ad-Hoc|iPhone.Deploy.0 = Release|Any CPU
		{21533725-660E-4187-8B5B-4FF378796A18}.Ad-Hoc|iPhoneSimulator.ActiveCfg = Release|Any CPU
		{21533725-660E-4187-8B5B-4FF378796A18}.Ad-Hoc|iPhoneSimulator.Build.0 = Release|Any CPU
		{21533725-660E-4187-8B5B-4FF378796A18}.Ad-Hoc|iPhoneSimulator.Deploy.0 = Release|Any CPU
		{21533725-660E-4187-8B5B-4FF378796A18}.AppStore|Any CPU.ActiveCfg = Release|Any CPU
		{21533725-660E-4187-8B5B-4FF378796A18}.AppStore|Any CPU.Build.0 = Release|Any CPU
		{21533725-660E-4187-8B5B-4FF378796A18}.AppStore|Any CPU.Deploy.0 = Release|Any CPU
		{21533725-660E-4187-8B5B-4FF378796A18}.AppStore|iPhone.ActiveCfg = Release|Any CPU
		{21533725-660E-4187-8B5B-4FF378796A18}.AppStore|iPhone.Build.0 = Release|Any CPU
		{21533725-660E-4187-8B5B-4FF378796A18}.AppStore|iPhone.Deploy.0 = Release|Any CPU
		{21533725-660E-4187-8B5B-4FF378796A18}.AppStore|iPhoneSimulator.ActiveCfg = Release|Any CPU
		{21533725-660E-4187-8B5B-4FF378796A18}.AppStore|iPhoneSimulator.Build.0 = Release|Any CPU
		{21533725-660E-4187-8B5B-4FF378796A18}.AppStore|iPhoneSimulator.Deploy.0 = Release|Any CPU
		{21533725-660E-4187-8B5B-4FF378796A18}.Debug|Any CPU.ActiveCfg = Debug|Any CPU
		{21533725-660E-4187-8B5B-4FF378796A18}.Debug|Any CPU.Build.0 = Debug|Any CPU
		{21533725-660E-4187-8B5B-4FF378796A18}.Debug|Any CPU.Deploy.0 = Debug|Any CPU
		{21533725-660E-4187-8B5B-4FF378796A18}.Debug|iPhone.ActiveCfg = Debug|Any CPU
		{21533725-660E-4187-8B5B-4FF378796A18}.Debug|iPhone.Build.0 = Debug|Any CPU
		{21533725-660E-4187-8B5B-4FF378796A18}.Debug|iPhone.Deploy.0 = Debug|Any CPU
		{21533725-660E-4187-8B5B-4FF378796A18}.Debug|iPhoneSimulator.ActiveCfg = Debug|Any CPU
		{21533725-660E-4187-8B5B-4FF378796A18}.Debug|iPhoneSimulator.Build.0 = Debug|Any CPU
		{21533725-660E-4187-8B5B-4FF378796A18}.Debug|iPhoneSimulator.Deploy.0 = Debug|Any CPU
		{21533725-660E-4187-8B5B-4FF378796A18}.Release|Any CPU.ActiveCfg = Release|Any CPU
		{21533725-660E-4187-8B5B-4FF378796A18}.Release|Any CPU.Build.0 = Release|Any CPU
		{21533725-660E-4187-8B5B-4FF378796A18}.Release|Any CPU.Deploy.0 = Release|Any CPU
		{21533725-660E-4187-8B5B-4FF378796A18}.Release|iPhone.ActiveCfg = Release|Any CPU
		{21533725-660E-4187-8B5B-4FF378796A18}.Release|iPhone.Build.0 = Release|Any CPU
		{21533725-660E-4187-8B5B-4FF378796A18}.Release|iPhone.Deploy.0 = Release|Any CPU
		{21533725-660E-4187-8B5B-4FF378796A18}.Release|iPhoneSimulator.ActiveCfg = Release|Any CPU
		{21533725-660E-4187-8B5B-4FF378796A18}.Release|iPhoneSimulator.Build.0 = Release|Any CPU
		{21533725-660E-4187-8B5B-4FF378796A18}.Release|iPhoneSimulator.Deploy.0 = Release|Any CPU
		{EE1929A5-E10A-472D-AA69-F65EB6296509}.Ad-Hoc|Any CPU.ActiveCfg = Ad-Hoc|iPhone
		{EE1929A5-E10A-472D-AA69-F65EB6296509}.Ad-Hoc|iPhone.ActiveCfg = Ad-Hoc|iPhone
		{EE1929A5-E10A-472D-AA69-F65EB6296509}.Ad-Hoc|iPhone.Build.0 = Ad-Hoc|iPhone
		{EE1929A5-E10A-472D-AA69-F65EB6296509}.Ad-Hoc|iPhoneSimulator.ActiveCfg = Ad-Hoc|iPhoneSimulator
		{EE1929A5-E10A-472D-AA69-F65EB6296509}.Ad-Hoc|iPhoneSimulator.Build.0 = Ad-Hoc|iPhoneSimulator
		{EE1929A5-E10A-472D-AA69-F65EB6296509}.AppStore|Any CPU.ActiveCfg = AppStore|iPhone
		{EE1929A5-E10A-472D-AA69-F65EB6296509}.AppStore|iPhone.ActiveCfg = AppStore|iPhone
		{EE1929A5-E10A-472D-AA69-F65EB6296509}.AppStore|iPhone.Build.0 = AppStore|iPhone
		{EE1929A5-E10A-472D-AA69-F65EB6296509}.AppStore|iPhoneSimulator.ActiveCfg = AppStore|iPhoneSimulator
		{EE1929A5-E10A-472D-AA69-F65EB6296509}.AppStore|iPhoneSimulator.Build.0 = AppStore|iPhoneSimulator
		{EE1929A5-E10A-472D-AA69-F65EB6296509}.Debug|Any CPU.ActiveCfg = Debug|iPhone
		{EE1929A5-E10A-472D-AA69-F65EB6296509}.Debug|iPhone.ActiveCfg = Debug|iPhone
		{EE1929A5-E10A-472D-AA69-F65EB6296509}.Debug|iPhone.Build.0 = Debug|iPhone
		{EE1929A5-E10A-472D-AA69-F65EB6296509}.Debug|iPhoneSimulator.ActiveCfg = Debug|iPhoneSimulator
		{EE1929A5-E10A-472D-AA69-F65EB6296509}.Debug|iPhoneSimulator.Build.0 = Debug|iPhoneSimulator
		{EE1929A5-E10A-472D-AA69-F65EB6296509}.Release|Any CPU.ActiveCfg = Release|iPhone
		{EE1929A5-E10A-472D-AA69-F65EB6296509}.Release|iPhone.ActiveCfg = Release|iPhone
		{EE1929A5-E10A-472D-AA69-F65EB6296509}.Release|iPhone.Build.0 = Release|iPhone
		{EE1929A5-E10A-472D-AA69-F65EB6296509}.Release|iPhoneSimulator.ActiveCfg = Release|iPhoneSimulator
		{EE1929A5-E10A-472D-AA69-F65EB6296509}.Release|iPhoneSimulator.Build.0 = Release|iPhoneSimulator
	EndGlobalSection
	GlobalSection(SolutionProperties) = preSolution
		HideSolutionNode = FALSE
	EndGlobalSection
	GlobalSection(ExtensibilityGlobals) = postSolution
		SolutionGuid = {3BF87997-781E-46EC-B8A9-5B47B1709FDA}
	EndGlobalSection
EndGlobal
